
Microsoft Visual Studio Solution File, Format Version 12.00
# Visual Studio Version 16
VisualStudioVersion = 16.0.30002.166
MinimumVisualStudioVersion = 10.0.40219.1
Project("{FAE04EC0-301F-11D3-BF4B-00C04F79EFBC}") = "MVCWebApplicationUserMSG", "MVCWebApplicationUserMSG\MVCWebApplicationUserMSG.csproj", "{064BA95B-6BB0-4407-9F25-41C7B7D5AEE3}"
EndProject
Global
	GlobalSection(SolutionConfigurationPlatforms) = preSolution
		Debug|Any CPU = Debug|Any CPU
		Release|Any CPU = Release|Any CPU
	EndGlobalSection
	GlobalSection(ProjectConfigurationPlatforms) = postSolution
		{064BA95B-6BB0-4407-9F25-41C7B7D5AEE3}.Debug|Any CPU.ActiveCfg = Debug|Any CPU
		{064BA95B-6BB0-4407-9F25-41C7B7D5AEE3}.Debug|Any CPU.Build.0 = Debug|Any CPU
		{064BA95B-6BB0-4407-9F25-41C7B7D5AEE3}.Release|Any CPU.ActiveCfg = Release|Any CPU
		{064BA95B-6BB0-4407-9F25-41C7B7D5AEE3}.Release|Any CPU.Build.0 = Release|Any CPU
	EndGlobalSection
	GlobalSection(SolutionProperties) = preSolution
		HideSolutionNode = FALSE
	EndGlobalSection
	GlobalSection(ExtensibilityGlobals) = postSolution
		SolutionGuid = {82BF7A1E-6F89-4AC7-9857-13B3F6D0BB5A}
	EndGlobalSection
EndGlobal
